
Microsoft Visual Studio Solution File, Format Version 12.00
# Visual Studio Version 17
VisualStudioVersion = 17.5.002.0
MinimumVisualStudioVersion = 10.0.40219.1
Project("{9A19103F-16F7-4668-BE54-9A1E7A4F7556}") = "DoAnKy3", "DoAnKy3.csproj", "{02732420-6DE5-4AC0-8402-FD2F3D284CC3}"
EndProject
Global
	GlobalSection(SolutionConfigurationPlatforms) = preSolution
		Debug|Any CPU = Debug|Any CPU
		Release|Any CPU = Release|Any CPU
	EndGlobalSection
	GlobalSection(ProjectConfigurationPlatforms) = postSolution
		{02732420-6DE5-4AC0-8402-FD2F3D284CC3}.Debug|Any CPU.ActiveCfg = Debug|Any CPU
		{02732420-6DE5-4AC0-8402-FD2F3D284CC3}.Debug|Any CPU.Build.0 = Debug|Any CPU
		{02732420-6DE5-4AC0-8402-FD2F3D284CC3}.Release|Any CPU.ActiveCfg = Release|Any CPU
		{02732420-6DE5-4AC0-8402-FD2F3D284CC3}.Release|Any CPU.Build.0 = Release|Any CPU
	EndGlobalSection
	GlobalSection(SolutionProperties) = preSolution
		HideSolutionNode = FALSE
	EndGlobalSection
	GlobalSection(ExtensibilityGlobals) = postSolution
		SolutionGuid = {10DD09F1-66F5-4DD9-A43B-4D1EC64ECC25}
	EndGlobalSection
EndGlobal
